
Microsoft Visual Studio Solution File, Format Version 12.00
# Visual Studio Version 17
VisualStudioVersion = 17.9.34723.18
MinimumVisualStudioVersion = 10.0.40219.1
Project("{FAE04EC0-301F-11D3-BF4B-00C04F79EFBC}") = "Suma5834163", "Suma5834163\Suma5834163.csproj", "{C4BFA82D-FF6B-4EB5-831B-778FB316ED07}"
EndProject
Global
	GlobalSection(SolutionConfigurationPlatforms) = preSolution
		Debug|Any CPU = Debug|Any CPU
		Release|Any CPU = Release|Any CPU
	EndGlobalSection
	GlobalSection(ProjectConfigurationPlatforms) = postSolution
		{C4BFA82D-FF6B-4EB5-831B-778FB316ED07}.Debug|Any CPU.ActiveCfg = Debug|Any CPU
		{C4BFA82D-FF6B-4EB5-831B-778FB316ED07}.Debug|Any CPU.Build.0 = Debug|Any CPU
		{C4BFA82D-FF6B-4EB5-831B-778FB316ED07}.Debug|Any CPU.Deploy.0 = Debug|Any CPU
		{C4BFA82D-FF6B-4EB5-831B-778FB316ED07}.Release|Any CPU.ActiveCfg = Release|Any CPU
		{C4BFA82D-FF6B-4EB5-831B-778FB316ED07}.Release|Any CPU.Build.0 = Release|Any CPU
		{C4BFA82D-FF6B-4EB5-831B-778FB316ED07}.Release|Any CPU.Deploy.0 = Release|Any CPU
	EndGlobalSection
	GlobalSection(SolutionProperties) = preSolution
		HideSolutionNode = FALSE
	EndGlobalSection
	GlobalSection(ExtensibilityGlobals) = postSolution
		SolutionGuid = {05E5C858-F84F-41BD-BDE3-95840A09E268}
	EndGlobalSection
EndGlobal
